// !$*UTF8*$!
{
	archiveVersion = 1;
	classes = {
	};
	objectVersion = 46;
	objects = {

/* Begin PBXBuildFile section */
		282B17541D3A037200FCFF33 /* echo-tcp.swift in Sources */ = {isa = PBXBuildFile; fileRef = 282B17531D3A037200FCFF33 /* echo-tcp.swift */; };
		282B44E41D20FD040073C9D1 /* main.swift in Sources */ = {isa = PBXBuildFile; fileRef = 282B44E31D20FD040073C9D1 /* main.swift */; };
		28413FBF1D2E268C001E1DCE /* signal.swift in Sources */ = {isa = PBXBuildFile; fileRef = 28413FBE1D2E268C001E1DCE /* signal.swift */; };
		28413FC11D2E342D001E1DCE /* echo-udp.swift in Sources */ = {isa = PBXBuildFile; fileRef = 28413FC01D2E342D001E1DCE /* echo-udp.swift */; };
		28EE19351D5683B0004E2A3A /* tracker-client.swift in Sources */ = {isa = PBXBuildFile; fileRef = 28EE19341D5683B0004E2A3A /* tracker-client.swift */; };
		28FFC17E1DB2DCCA006D7430 /* bencoding-json.swift in Sources */ = {isa = PBXBuildFile; fileRef = 28FFC17C1DB2DCAB006D7430 /* bencoding-json.swift */; };
		28FFC17F1DB2DCCA006D7430 /* bencoding.swift in Sources */ = {isa = PBXBuildFile; fileRef = 28FFC17D1DB2DCAB006D7430 /* bencoding.swift */; };
		28FFC1801DB2DCCF006D7430 /* bencoding-json.swift in Sources */ = {isa = PBXBuildFile; fileRef = 28FFC17C1DB2DCAB006D7430 /* bencoding-json.swift */; };
		28FFC1811DB2DCCF006D7430 /* bencoding.swift in Sources */ = {isa = PBXBuildFile; fileRef = 28FFC17D1DB2DCAB006D7430 /* bencoding.swift */; };
		28FFC1831DB2DD41006D7430 /* sobt.swift in Sources */ = {isa = PBXBuildFile; fileRef = 28FFC1821DB2DD2A006D7430 /* sobt.swift */; };
		28FFC1841DB2DD4B006D7430 /* sobt.swift in Sources */ = {isa = PBXBuildFile; fileRef = 28FFC1821DB2DD2A006D7430 /* sobt.swift */; };
		28FFC1891DB2DD8C006D7430 /* socket-tcp.swift in Sources */ = {isa = PBXBuildFile; fileRef = 28FFC1861DB2DD77006D7430 /* socket-tcp.swift */; };
		28FFC18A1DB2DD8C006D7430 /* socket-udp.swift in Sources */ = {isa = PBXBuildFile; fileRef = 28FFC1871DB2DD77006D7430 /* socket-udp.swift */; };
		28FFC18B1DB2DD8C006D7430 /* socket.swift in Sources */ = {isa = PBXBuildFile; fileRef = 28FFC1881DB2DD77006D7430 /* socket.swift */; };
		28FFC1921DB2DE70006D7430 /* crypto.swift in Sources */ = {isa = PBXBuildFile; fileRef = 28FFC18D1DB2DE04006D7430 /* crypto.swift */; };
		28FFC1931DB2DE70006D7430 /* network.swift in Sources */ = {isa = PBXBuildFile; fileRef = 28FFC18E1DB2DE04006D7430 /* network.swift */; };
		28FFC1941DB2DE70006D7430 /* number.swift in Sources */ = {isa = PBXBuildFile; fileRef = 28FFC18F1DB2DE04006D7430 /* number.swift */; };
		28FFC1951DB2DE70006D7430 /* string.swift in Sources */ = {isa = PBXBuildFile; fileRef = 28FFC1911DB2DE04006D7430 /* string.swift */; };
		28FFC1971DB30118006D7430 /* udp-server.swift in Sources */ = {isa = PBXBuildFile; fileRef = 28FFC1961DB30118006D7430 /* udp-server.swift */; };
		28FFC1981DB310BB006D7430 /* crypto.swift in Sources */ = {isa = PBXBuildFile; fileRef = 28FFC18D1DB2DE04006D7430 /* crypto.swift */; };
		28FFC1991DB310BB006D7430 /* network.swift in Sources */ = {isa = PBXBuildFile; fileRef = 28FFC18E1DB2DE04006D7430 /* network.swift */; };
		28FFC19A1DB310BB006D7430 /* number.swift in Sources */ = {isa = PBXBuildFile; fileRef = 28FFC18F1DB2DE04006D7430 /* number.swift */; };
		28FFC19B1DB310BB006D7430 /* string.swift in Sources */ = {isa = PBXBuildFile; fileRef = 28FFC1911DB2DE04006D7430 /* string.swift */; };
		28FFC19C1DB310BB006D7430 /* socket-tcp.swift in Sources */ = {isa = PBXBuildFile; fileRef = 28FFC1861DB2DD77006D7430 /* socket-tcp.swift */; };
		28FFC19D1DB310BB006D7430 /* socket-udp.swift in Sources */ = {isa = PBXBuildFile; fileRef = 28FFC1871DB2DD77006D7430 /* socket-udp.swift */; };
		28FFC19E1DB310BB006D7430 /* socket.swift in Sources */ = {isa = PBXBuildFile; fileRef = 28FFC1881DB2DD77006D7430 /* socket.swift */; };
		28FFC1A01DB314F6006D7430 /* signal.swift in Sources */ = {isa = PBXBuildFile; fileRef = 28FFC19F1DB314F6006D7430 /* signal.swift */; };
		28FFC1A21DB31678006D7430 /* run-loop.swift in Sources */ = {isa = PBXBuildFile; fileRef = 28FFC1A11DB31678006D7430 /* run-loop.swift */; };
		CE26CDCC1DB04FE500CE06B7 /* main.swift in Sources */ = {isa = PBXBuildFile; fileRef = CE26CDC11DB04EC600CE06B7 /* main.swift */; };
		CE29D7151D779BF5006160E7 /* connect.swift in Sources */ = {isa = PBXBuildFile; fileRef = CE29D7141D779BF5006160E7 /* connect.swift */; };
		CE29D7171D779CBD006160E7 /* action.swift in Sources */ = {isa = PBXBuildFile; fileRef = CE29D7161D779CBD006160E7 /* action.swift */; };
		CE29D7191D77A4D9006160E7 /* announce.swift in Sources */ = {isa = PBXBuildFile; fileRef = CE29D7181D77A4D9006160E7 /* announce.swift */; };
		CEA709061DC7C4F20095A46D /* magnet-link.swift in Sources */ = {isa = PBXBuildFile; fileRef = CEA709051DC7C4F20095A46D /* magnet-link.swift */; };
/* End PBXBuildFile section */

/* Begin PBXCopyFilesBuildPhase section */
		282B44DE1D20FD040073C9D1 /* CopyFiles */ = {
			isa = PBXCopyFilesBuildPhase;
			buildActionMask = 2147483647;
			dstPath = /usr/share/man/man1/;
			dstSubfolderSpec = 0;
			files = (
			);
			runOnlyForDeploymentPostprocessing = 1;
		};
		CE26CDBD1DB04EC600CE06B7 /* CopyFiles */ = {
			isa = PBXCopyFilesBuildPhase;
			buildActionMask = 2147483647;
			dstPath = /usr/share/man/man1/;
			dstSubfolderSpec = 0;
			files = (
			);
			runOnlyForDeploymentPostprocessing = 1;
		};
/* End PBXCopyFilesBuildPhase section */

/* Begin PBXFileReference section */
		282B17531D3A037200FCFF33 /* echo-tcp.swift */ = {isa = PBXFileReference; fileEncoding = 4; lastKnownFileType = sourcecode.swift; path = "echo-tcp.swift"; sourceTree = "<group>"; };
		282B44E01D20FD040073C9D1 /* sobt */ = {isa = PBXFileReference; explicitFileType = "compiled.mach-o.executable"; includeInIndex = 0; path = sobt; sourceTree = BUILT_PRODUCTS_DIR; };
		282B44E31D20FD040073C9D1 /* main.swift */ = {isa = PBXFileReference; lastKnownFileType = sourcecode.swift; path = main.swift; sourceTree = "<group>"; };
		28413FBE1D2E268C001E1DCE /* signal.swift */ = {isa = PBXFileReference; fileEncoding = 4; lastKnownFileType = sourcecode.swift; path = signal.swift; sourceTree = "<group>"; };
		28413FC01D2E342D001E1DCE /* echo-udp.swift */ = {isa = PBXFileReference; fileEncoding = 4; lastKnownFileType = sourcecode.swift; path = "echo-udp.swift"; sourceTree = "<group>"; };
		28EE19341D5683B0004E2A3A /* tracker-client.swift */ = {isa = PBXFileReference; fileEncoding = 4; lastKnownFileType = sourcecode.swift; name = "tracker-client.swift"; path = "sobt/tracker-client/tracker-client.swift"; sourceTree = SOURCE_ROOT; };
		28FFC17C1DB2DCAB006D7430 /* bencoding-json.swift */ = {isa = PBXFileReference; lastKnownFileType = sourcecode.swift; name = "bencoding-json.swift"; path = "sobt-lib/bencoding/bencoding-json.swift"; sourceTree = "<group>"; };
		28FFC17D1DB2DCAB006D7430 /* bencoding.swift */ = {isa = PBXFileReference; lastKnownFileType = sourcecode.swift; name = bencoding.swift; path = "sobt-lib/bencoding/bencoding.swift"; sourceTree = "<group>"; };
		28FFC1821DB2DD2A006D7430 /* sobt.swift */ = {isa = PBXFileReference; lastKnownFileType = sourcecode.swift; name = sobt.swift; path = "sobt-lib/sobt.swift"; sourceTree = "<group>"; };
		28FFC1861DB2DD77006D7430 /* socket-tcp.swift */ = {isa = PBXFileReference; lastKnownFileType = sourcecode.swift; name = "socket-tcp.swift"; path = "sobt-lib/socket/socket-tcp.swift"; sourceTree = "<group>"; };
		28FFC1871DB2DD77006D7430 /* socket-udp.swift */ = {isa = PBXFileReference; lastKnownFileType = sourcecode.swift; name = "socket-udp.swift"; path = "sobt-lib/socket/socket-udp.swift"; sourceTree = "<group>"; };
		28FFC1881DB2DD77006D7430 /* socket.swift */ = {isa = PBXFileReference; lastKnownFileType = sourcecode.swift; name = socket.swift; path = "sobt-lib/socket/socket.swift"; sourceTree = "<group>"; };
		28FFC18D1DB2DE04006D7430 /* crypto.swift */ = {isa = PBXFileReference; lastKnownFileType = sourcecode.swift; name = crypto.swift; path = "sobt-lib/helper/crypto.swift"; sourceTree = "<group>"; };
		28FFC18E1DB2DE04006D7430 /* network.swift */ = {isa = PBXFileReference; lastKnownFileType = sourcecode.swift; name = network.swift; path = "sobt-lib/helper/network.swift"; sourceTree = "<group>"; };
		28FFC18F1DB2DE04006D7430 /* number.swift */ = {isa = PBXFileReference; lastKnownFileType = sourcecode.swift; name = number.swift; path = "sobt-lib/helper/number.swift"; sourceTree = "<group>"; };
		28FFC1901DB2DE04006D7430 /* sobt-Bridging-Header.h */ = {isa = PBXFileReference; lastKnownFileType = sourcecode.c.h; name = "sobt-Bridging-Header.h"; path = "sobt-lib/helper/sobt-Bridging-Header.h"; sourceTree = "<group>"; };
		28FFC1911DB2DE04006D7430 /* string.swift */ = {isa = PBXFileReference; lastKnownFileType = sourcecode.swift; name = string.swift; path = "sobt-lib/helper/string.swift"; sourceTree = "<group>"; };
		28FFC1961DB30118006D7430 /* udp-server.swift */ = {isa = PBXFileReference; fileEncoding = 4; lastKnownFileType = sourcecode.swift; path = "udp-server.swift"; sourceTree = "<group>"; };
		28FFC19F1DB314F6006D7430 /* signal.swift */ = {isa = PBXFileReference; fileEncoding = 4; lastKnownFileType = sourcecode.swift; path = signal.swift; sourceTree = "<group>"; };
		28FFC1A11DB31678006D7430 /* run-loop.swift */ = {isa = PBXFileReference; fileEncoding = 4; lastKnownFileType = sourcecode.swift; path = "run-loop.swift"; sourceTree = "<group>"; };
		CE26CDBF1DB04EC600CE06B7 /* sobt-tracker */ = {isa = PBXFileReference; explicitFileType = "compiled.mach-o.executable"; includeInIndex = 0; path = "sobt-tracker"; sourceTree = BUILT_PRODUCTS_DIR; };
		CE26CDC11DB04EC600CE06B7 /* main.swift */ = {isa = PBXFileReference; lastKnownFileType = sourcecode.swift; path = main.swift; sourceTree = "<group>"; };
		CE29D7141D779BF5006160E7 /* connect.swift */ = {isa = PBXFileReference; fileEncoding = 4; lastKnownFileType = sourcecode.swift; path = connect.swift; sourceTree = "<group>"; };
		CE29D7161D779CBD006160E7 /* action.swift */ = {isa = PBXFileReference; fileEncoding = 4; lastKnownFileType = sourcecode.swift; path = action.swift; sourceTree = "<group>"; };
		CE29D7181D77A4D9006160E7 /* announce.swift */ = {isa = PBXFileReference; fileEncoding = 4; lastKnownFileType = sourcecode.swift; path = announce.swift; sourceTree = "<group>"; };
		CEA709051DC7C4F20095A46D /* magnet-link.swift */ = {isa = PBXFileReference; fileEncoding = 4; lastKnownFileType = sourcecode.swift; name = "magnet-link.swift"; path = "sobt-lib/helper/magnet-link.swift"; sourceTree = "<group>"; };
/* End PBXFileReference section */

/* Begin PBXFrameworksBuildPhase section */
		282B44DD1D20FD040073C9D1 /* Frameworks */ = {
			isa = PBXFrameworksBuildPhase;
			buildActionMask = 2147483647;
			files = (
			);
			runOnlyForDeploymentPostprocessing = 0;
		};
		CE26CDBC1DB04EC600CE06B7 /* Frameworks */ = {
			isa = PBXFrameworksBuildPhase;
			buildActionMask = 2147483647;
			files = (
			);
			runOnlyForDeploymentPostprocessing = 0;
		};
/* End PBXFrameworksBuildPhase section */

/* Begin PBXGroup section */
		282B44D71D20FD040073C9D1 = {
			isa = PBXGroup;
			children = (
				282B44E11D20FD040073C9D1 /* Products */,
				282B44E21D20FD040073C9D1 /* sobt */,
				28FFC17A1DB2DC80006D7430 /* sobt-lib */,
				CE26CDC01DB04EC600CE06B7 /* sobt-tracker */,
			);
			sourceTree = "<group>";
		};
		282B44E11D20FD040073C9D1 /* Products */ = {
			isa = PBXGroup;
			children = (
				282B44E01D20FD040073C9D1 /* sobt */,
				CE26CDBF1DB04EC600CE06B7 /* sobt-tracker */,
			);
			name = Products;
			sourceTree = "<group>";
		};
		282B44E21D20FD040073C9D1 /* sobt */ = {
			isa = PBXGroup;
			children = (
				282B17531D3A037200FCFF33 /* echo-tcp.swift */,
				28413FC01D2E342D001E1DCE /* echo-udp.swift */,
				282B44E31D20FD040073C9D1 /* main.swift */,
				28413FBE1D2E268C001E1DCE /* signal.swift */,
				285A3F501D76B66700276184 /* tracker-client */,
			);
			path = sobt;
			sourceTree = "<group>";
		};
		285A3F501D76B66700276184 /* tracker-client */ = {
			isa = PBXGroup;
			children = (
				CE29D7161D779CBD006160E7 /* action.swift */,
				CE29D7181D77A4D9006160E7 /* announce.swift */,
				CE29D7141D779BF5006160E7 /* connect.swift */,
				28EE19341D5683B0004E2A3A /* tracker-client.swift */,
			);
			path = "tracker-client";
			sourceTree = "<group>";
		};
		28FFC17A1DB2DC80006D7430 /* sobt-lib */ = {
			isa = PBXGroup;
			children = (
				28FFC18C1DB2DDAC006D7430 /* helper */,
				28FFC1851DB2DD6D006D7430 /* socket */,
				28FFC1821DB2DD2A006D7430 /* sobt.swift */,
				28FFC17B1DB2DC97006D7430 /* bencoding */,
			);
			name = "sobt-lib";
			sourceTree = "<group>";
		};
		28FFC17B1DB2DC97006D7430 /* bencoding */ = {
			isa = PBXGroup;
			children = (
				28FFC17C1DB2DCAB006D7430 /* bencoding-json.swift */,
				28FFC17D1DB2DCAB006D7430 /* bencoding.swift */,
			);
			name = bencoding;
			sourceTree = "<group>";
		};
		28FFC1851DB2DD6D006D7430 /* socket */ = {
			isa = PBXGroup;
			children = (
				28FFC1861DB2DD77006D7430 /* socket-tcp.swift */,
				28FFC1871DB2DD77006D7430 /* socket-udp.swift */,
				28FFC1881DB2DD77006D7430 /* socket.swift */,
			);
			name = socket;
			sourceTree = "<group>";
		};
		28FFC18C1DB2DDAC006D7430 /* helper */ = {
			isa = PBXGroup;
			children = (
				28FFC18D1DB2DE04006D7430 /* crypto.swift */,
				28FFC18E1DB2DE04006D7430 /* network.swift */,
				28FFC18F1DB2DE04006D7430 /* number.swift */,
				28FFC1901DB2DE04006D7430 /* sobt-Bridging-Header.h */,
				28FFC1911DB2DE04006D7430 /* string.swift */,
				28FFC19F1DB314F6006D7430 /* signal.swift */,
				28FFC1A11DB31678006D7430 /* run-loop.swift */,
				CEA709051DC7C4F20095A46D /* magnet-link.swift */,
			);
			name = helper;
			sourceTree = "<group>";
		};
		CE26CDC01DB04EC600CE06B7 /* sobt-tracker */ = {
			isa = PBXGroup;
			children = (
				CE26CDC11DB04EC600CE06B7 /* main.swift */,
				28FFC1961DB30118006D7430 /* udp-server.swift */,
			);
			path = "sobt-tracker";
			sourceTree = "<group>";
		};
/* End PBXGroup section */

/* Begin PBXNativeTarget section */
		282B44DF1D20FD040073C9D1 /* sobt */ = {
			isa = PBXNativeTarget;
			buildConfigurationList = 282B44E71D20FD050073C9D1 /* Build configuration list for PBXNativeTarget "sobt" */;
			buildPhases = (
				282B44DC1D20FD040073C9D1 /* Sources */,
				282B44DD1D20FD040073C9D1 /* Frameworks */,
				282B44DE1D20FD040073C9D1 /* CopyFiles */,
			);
			buildRules = (
			);
			dependencies = (
			);
			name = sobt;
			productName = sobt;
			productReference = 282B44E01D20FD040073C9D1 /* sobt */;
			productType = "com.apple.product-type.tool";
		};
		CE26CDBE1DB04EC600CE06B7 /* sobt-tracker */ = {
			isa = PBXNativeTarget;
			buildConfigurationList = CE26CDC51DB04EC600CE06B7 /* Build configuration list for PBXNativeTarget "sobt-tracker" */;
			buildPhases = (
				CE26CDBB1DB04EC600CE06B7 /* Sources */,
				CE26CDBC1DB04EC600CE06B7 /* Frameworks */,
				CE26CDBD1DB04EC600CE06B7 /* CopyFiles */,
			);
			buildRules = (
			);
			dependencies = (
			);
			name = "sobt-tracker";
			productName = "sobt-tracker";
			productReference = CE26CDBF1DB04EC600CE06B7 /* sobt-tracker */;
			productType = "com.apple.product-type.tool";
		};
/* End PBXNativeTarget section */

/* Begin PBXProject section */
		282B44D81D20FD040073C9D1 /* Project object */ = {
			isa = PBXProject;
			attributes = {
				LastSwiftUpdateCheck = 0800;
				LastUpgradeCheck = 0800;
				ORGANIZATIONNAME = "Billy He";
				TargetAttributes = {
					282B44DF1D20FD040073C9D1 = {
						CreatedOnToolsVersion = 7.3.1;
						LastSwiftMigration = 0800;
					};
					CE26CDBE1DB04EC600CE06B7 = {
						CreatedOnToolsVersion = 8.0;
						ProvisioningStyle = Automatic;
					};
				};
			};
			buildConfigurationList = 282B44DB1D20FD040073C9D1 /* Build configuration list for PBXProject "sobt" */;
			compatibilityVersion = "Xcode 3.2";
			developmentRegion = English;
			hasScannedForEncodings = 0;
			knownRegions = (
				en,
			);
			mainGroup = 282B44D71D20FD040073C9D1;
			productRefGroup = 282B44E11D20FD040073C9D1 /* Products */;
			projectDirPath = "";
			projectRoot = "";
			targets = (
				282B44DF1D20FD040073C9D1 /* sobt */,
				CE26CDBE1DB04EC600CE06B7 /* sobt-tracker */,
			);
		};
/* End PBXProject section */

/* Begin PBXSourcesBuildPhase section */
		282B44DC1D20FD040073C9D1 /* Sources */ = {
			isa = PBXSourcesBuildPhase;
			buildActionMask = 2147483647;
			files = (
				28FFC1921DB2DE70006D7430 /* crypto.swift in Sources */,
				28FFC1931DB2DE70006D7430 /* network.swift in Sources */,
				28FFC1941DB2DE70006D7430 /* number.swift in Sources */,
				28FFC1951DB2DE70006D7430 /* string.swift in Sources */,
				28FFC1891DB2DD8C006D7430 /* socket-tcp.swift in Sources */,
				28FFC18A1DB2DD8C006D7430 /* socket-udp.swift in Sources */,
				CEA709061DC7C4F20095A46D /* magnet-link.swift in Sources */,
				28FFC18B1DB2DD8C006D7430 /* socket.swift in Sources */,
				28FFC1841DB2DD4B006D7430 /* sobt.swift in Sources */,
				28FFC17E1DB2DCCA006D7430 /* bencoding-json.swift in Sources */,
				28FFC17F1DB2DCCA006D7430 /* bencoding.swift in Sources */,
				282B44E41D20FD040073C9D1 /* main.swift in Sources */,
				CE29D7191D77A4D9006160E7 /* announce.swift in Sources */,
				CE29D7151D779BF5006160E7 /* connect.swift in Sources */,
				CE29D7171D779CBD006160E7 /* action.swift in Sources */,
				28413FBF1D2E268C001E1DCE /* signal.swift in Sources */,
				282B17541D3A037200FCFF33 /* echo-tcp.swift in Sources */,
				28EE19351D5683B0004E2A3A /* tracker-client.swift in Sources */,
				28413FC11D2E342D001E1DCE /* echo-udp.swift in Sources */,
			);
			runOnlyForDeploymentPostprocessing = 0;
		};
		CE26CDBB1DB04EC600CE06B7 /* Sources */ = {
			isa = PBXSourcesBuildPhase;
			buildActionMask = 2147483647;
			files = (
				28FFC1981DB310BB006D7430 /* crypto.swift in Sources */,
				28FFC1991DB310BB006D7430 /* network.swift in Sources */,
				28FFC19A1DB310BB006D7430 /* number.swift in Sources */,
				28FFC19B1DB310BB006D7430 /* string.swift in Sources */,
				28FFC19C1DB310BB006D7430 /* socket-tcp.swift in Sources */,
				28FFC1A21DB31678006D7430 /* run-loop.swift in Sources */,
				28FFC19D1DB310BB006D7430 /* socket-udp.swift in Sources */,
				28FFC1A01DB314F6006D7430 /* signal.swift in Sources */,
				28FFC19E1DB310BB006D7430 /* socket.swift in Sources */,
				28FFC1831DB2DD41006D7430 /* sobt.swift in Sources */,
				28FFC1801DB2DCCF006D7430 /* bencoding-json.swift in Sources */,
				28FFC1971DB30118006D7430 /* udp-server.swift in Sources */,
				28FFC1811DB2DCCF006D7430 /* bencoding.swift in Sources */,
				CE26CDCC1DB04FE500CE06B7 /* main.swift in Sources */,
			);
			runOnlyForDeploymentPostprocessing = 0;
		};
/* End PBXSourcesBuildPhase section */

/* Begin XCBuildConfiguration section */
		282B44E51D20FD040073C9D1 /* Debug */ = {
			isa = XCBuildConfiguration;
			buildSettings = {
				ALWAYS_SEARCH_USER_PATHS = NO;
				CLANG_ANALYZER_NONNULL = YES;
				CLANG_CXX_LANGUAGE_STANDARD = "gnu++0x";
				CLANG_CXX_LIBRARY = "libc++";
				CLANG_ENABLE_MODULES = YES;
				CLANG_ENABLE_OBJC_ARC = YES;
				CLANG_WARN_BOOL_CONVERSION = YES;
				CLANG_WARN_CONSTANT_CONVERSION = YES;
				CLANG_WARN_DIRECT_OBJC_ISA_USAGE = YES_ERROR;
				CLANG_WARN_EMPTY_BODY = YES;
				CLANG_WARN_ENUM_CONVERSION = YES;
				CLANG_WARN_INFINITE_RECURSION = YES;
				CLANG_WARN_INT_CONVERSION = YES;
				CLANG_WARN_OBJC_ROOT_CLASS = YES_ERROR;
				CLANG_WARN_SUSPICIOUS_MOVE = YES;
				CLANG_WARN_UNREACHABLE_CODE = YES;
				CLANG_WARN__DUPLICATE_METHOD_MATCH = YES;
				CODE_SIGN_IDENTITY = "-";
				COPY_PHASE_STRIP = NO;
				DEBUG_INFORMATION_FORMAT = dwarf;
				ENABLE_STRICT_OBJC_MSGSEND = YES;
				ENABLE_TESTABILITY = YES;
				GCC_C_LANGUAGE_STANDARD = gnu99;
				GCC_DYNAMIC_NO_PIC = NO;
				GCC_NO_COMMON_BLOCKS = YES;
				GCC_OPTIMIZATION_LEVEL = 0;
				GCC_PREPROCESSOR_DEFINITIONS = (
					"DEBUG=1",
					"$(inherited)",
				);
				GCC_WARN_64_TO_32_BIT_CONVERSION = YES;
				GCC_WARN_ABOUT_RETURN_TYPE = YES_ERROR;
				GCC_WARN_UNDECLARED_SELECTOR = YES;
				GCC_WARN_UNINITIALIZED_AUTOS = YES_AGGRESSIVE;
				GCC_WARN_UNUSED_FUNCTION = YES;
				GCC_WARN_UNUSED_VARIABLE = YES;
				MACOSX_DEPLOYMENT_TARGET = 10.11;
				MTL_ENABLE_DEBUG_INFO = YES;
				ONLY_ACTIVE_ARCH = YES;
				SDKROOT = macosx;
				"SWIFT_OBJC_BRIDGING_HEADER[arch=*]" = "sobt-lib/helper/sobt-Bridging-Header.h";
				SWIFT_OPTIMIZATION_LEVEL = "-Onone";
			};
			name = Debug;
		};
		282B44E61D20FD040073C9D1 /* Release */ = {
			isa = XCBuildConfiguration;
			buildSettings = {
				ALWAYS_SEARCH_USER_PATHS = NO;
				CLANG_ANALYZER_NONNULL = YES;
				CLANG_CXX_LANGUAGE_STANDARD = "gnu++0x";
				CLANG_CXX_LIBRARY = "libc++";
				CLANG_ENABLE_MODULES = YES;
				CLANG_ENABLE_OBJC_ARC = YES;
				CLANG_WARN_BOOL_CONVERSION = YES;
				CLANG_WARN_CONSTANT_CONVERSION = YES;
				CLANG_WARN_DIRECT_OBJC_ISA_USAGE = YES_ERROR;
				CLANG_WARN_EMPTY_BODY = YES;
				CLANG_WARN_ENUM_CONVERSION = YES;
				CLANG_WARN_INFINITE_RECURSION = YES;
				CLANG_WARN_INT_CONVERSION = YES;
				CLANG_WARN_OBJC_ROOT_CLASS = YES_ERROR;
				CLANG_WARN_SUSPICIOUS_MOVE = YES;
				CLANG_WARN_UNREACHABLE_CODE = YES;
				CLANG_WARN__DUPLICATE_METHOD_MATCH = YES;
				CODE_SIGN_IDENTITY = "-";
				COPY_PHASE_STRIP = NO;
				DEBUG_INFORMATION_FORMAT = "dwarf-with-dsym";
				ENABLE_NS_ASSERTIONS = NO;
				ENABLE_STRICT_OBJC_MSGSEND = YES;
				GCC_C_LANGUAGE_STANDARD = gnu99;
				GCC_NO_COMMON_BLOCKS = YES;
				GCC_WARN_64_TO_32_BIT_CONVERSION = YES;
				GCC_WARN_ABOUT_RETURN_TYPE = YES_ERROR;
				GCC_WARN_UNDECLARED_SELECTOR = YES;
				GCC_WARN_UNINITIALIZED_AUTOS = YES_AGGRESSIVE;
				GCC_WARN_UNUSED_FUNCTION = YES;
				GCC_WARN_UNUSED_VARIABLE = YES;
				MACOSX_DEPLOYMENT_TARGET = 10.11;
				MTL_ENABLE_DEBUG_INFO = NO;
				SDKROOT = macosx;
				"SWIFT_OBJC_BRIDGING_HEADER[arch=*]" = "sobt-lib/helper/sobt-Bridging-Header.h";
				SWIFT_OPTIMIZATION_LEVEL = "-Owholemodule";
			};
			name = Release;
		};
		282B44E81D20FD050073C9D1 /* Debug */ = {
			isa = XCBuildConfiguration;
			buildSettings = {
				PRODUCT_NAME = "$(TARGET_NAME)";
				SWIFT_VERSION = 2.3;
			};
			name = Debug;
		};
		282B44E91D20FD050073C9D1 /* Release */ = {
			isa = XCBuildConfiguration;
			buildSettings = {
				PRODUCT_NAME = "$(TARGET_NAME)";
				SWIFT_VERSION = 2.3;
			};
			name = Release;
		};
		CE26CDC31DB04EC600CE06B7 /* Debug */ = {
			isa = XCBuildConfiguration;
			buildSettings = {
				CLANG_WARN_DOCUMENTATION_COMMENTS = YES;
				CLANG_WARN_SUSPICIOUS_MOVES = YES;
				MACOSX_DEPLOYMENT_TARGET = 10.12;
				PRODUCT_NAME = "$(TARGET_NAME)";
				SWIFT_VERSION = 2.3;
			};
			name = Debug;
		};
		CE26CDC41DB04EC600CE06B7 /* Release */ = {
			isa = XCBuildConfiguration;
			buildSettings = {
				CLANG_WARN_DOCUMENTATION_COMMENTS = YES;
				CLANG_WARN_SUSPICIOUS_MOVES = YES;
				MACOSX_DEPLOYMENT_TARGET = 10.12;
				PRODUCT_NAME = "$(TARGET_NAME)";
				SWIFT_VERSION = 2.3;
			};
			name = Release;
		};
/* End XCBuildConfiguration section */

/* Begin XCConfigurationList section */
		282B44DB1D20FD040073C9D1 /* Build configuration list for PBXProject "sobt" */ = {
			isa = XCConfigurationList;
			buildConfigurations = (
				282B44E51D20FD040073C9D1 /* Debug */,
				282B44E61D20FD040073C9D1 /* Release */,
			);
			defaultConfigurationIsVisible = 0;
			defaultConfigurationName = Release;
		};
		282B44E71D20FD050073C9D1 /* Build configuration list for PBXNativeTarget "sobt" */ = {
			isa = XCConfigurationList;
			buildConfigurations = (
				282B44E81D20FD050073C9D1 /* Debug */,
				282B44E91D20FD050073C9D1 /* Release */,
			);
			defaultConfigurationIsVisible = 0;
			defaultConfigurationName = Release;
		};
		CE26CDC51DB04EC600CE06B7 /* Build configuration list for PBXNativeTarget "sobt-tracker" */ = {
			isa = XCConfigurationList;
			buildConfigurations = (
				CE26CDC31DB04EC600CE06B7 /* Debug */,
				CE26CDC41DB04EC600CE06B7 /* Release */,
			);
			defaultConfigurationIsVisible = 0;
			defaultConfigurationName = Release;
		};
/* End XCConfigurationList section */
	};
	rootObject = 282B44D81D20FD040073C9D1 /* Project object */;
}
